
Microsoft Visual Studio Solution File, Format Version 12.00
# Visual Studio Version 16
VisualStudioVersion = 16.0.32630.194
MinimumVisualStudioVersion = 10.0.40219.1
Project("{FAE04EC0-301F-11D3-BF4B-00C04F79EFBC}") = "HerbolarioViolero", "HerbolarioViolero.csproj", "{B13C3D0A-7548-4B6B-AF49-0BE3106A16E3}"
EndProject
Global
	GlobalSection(SolutionConfigurationPlatforms) = preSolution
		Debug|Any CPU = Debug|Any CPU
		Release|Any CPU = Release|Any CPU
	EndGlobalSection
	GlobalSection(ProjectConfigurationPlatforms) = postSolution
		{B13C3D0A-7548-4B6B-AF49-0BE3106A16E3}.Debug|Any CPU.ActiveCfg = Debug|Any CPU
		{B13C3D0A-7548-4B6B-AF49-0BE3106A16E3}.Debug|Any CPU.Build.0 = Debug|Any CPU
		{B13C3D0A-7548-4B6B-AF49-0BE3106A16E3}.Release|Any CPU.ActiveCfg = Release|Any CPU
		{B13C3D0A-7548-4B6B-AF49-0BE3106A16E3}.Release|Any CPU.Build.0 = Release|Any CPU
	EndGlobalSection
	GlobalSection(SolutionProperties) = preSolution
		HideSolutionNode = FALSE
	EndGlobalSection
	GlobalSection(ExtensibilityGlobals) = postSolution
		SolutionGuid = {68A66A5C-3A61-4FC8-9574-CF1F38DEA383}
	EndGlobalSection
EndGlobal
